<?xml version="1.0" encoding="UTF-8" standalone="yes" ?>
<CodeBlocks_project_file>
	<FileVersion major="1" minor="6" />
	<Project>
		<Option title="ProyectoFPacmon" />
		<Option pch_mode="2" />
		<Option compiler="gcc" />
		<Build>
			<Target title="Debug">
				<Option output="bin/Debug/ProyectoFPacmon" prefix_auto="1" extension_auto="1" />
				<Option object_output="obj/Debug/" />
				<Option type="1" />
				<Option compiler="gcc" />
				<Compiler>
					<Add option="-g" />
					<Add directory="include" />
					<Add directory="D:/Instaladores/Programacion/ProyectoFPacmon/include" />
				</Compiler>
			</Target>
			<Target title="Release">
				<Option output="bin/Release/ProyectoFPacmon" prefix_auto="1" extension_auto="1" />
				<Option object_output="obj/Release/" />
				<Option type="1" />
				<Option compiler="gcc" />
				<Compiler>
					<Add option="-O2" />
					<Add directory="include" />
					<Add directory="D:/Instaladores/Programacion/ProyectoFPacmon/include" />
				</Compiler>
				<Linker>
					<Add option="-s" />
				</Linker>
			</Target>
		</Build>
		<Compiler>
			<Add option="-Wall" />
			<Add option="-fexceptions" />
		</Compiler>
		<Unit filename="include/Comida.h" />
		<Unit filename="include/Direction.h" />
		<Unit filename="include/Enemigo.h" />
		<Unit filename="include/Frutita.h" />
		<Unit filename="include/GameMode1.h" />
		<Unit filename="include/Item.h" />
		<Unit filename="include/Menu.h" />
		<Unit filename="include/Obstaculos.h" />
		<Unit filename="include/Personaje.h" />
		<Unit filename="include/Pocman.h" />
		<Unit filename="include/Posicion.h" />
		<Unit filename="include/PowerUp.h" />
		<Unit filename="include/Size.h" />
		<Unit filename="include/Ventana.h" />
		<Unit filename="main.cpp" />
		<Unit filename="src/Comida.cpp" />
		<Unit filename="src/Direction.cpp" />
		<Unit filename="src/Enemigo.cpp" />
		<Unit filename="src/Frutita.cpp" />
		<Unit filename="src/GameMode1.cpp" />
		<Unit filename="src/Item.cpp" />
		<Unit filename="src/Menu.cpp" />
		<Unit filename="src/Obstaculos.cpp" />
		<Unit filename="src/Personaje.cpp" />
		<Unit filename="src/Pocman.cpp" />
		<Unit filename="src/Posicion.cpp" />
		<Unit filename="src/PowerUp.cpp" />
		<Unit filename="src/Size.cpp" />
		<Unit filename="src/Ventana.cpp" />
		<Extensions>
			<code_completion />
			<envvars />
			<debugger />
		</Extensions>
	</Project>
</CodeBlocks_project_file>
